
Microsoft Visual Studio Solution File, Format Version 12.00
# Visual Studio Version 17
VisualStudioVersion = 17.6.33815.320
MinimumVisualStudioVersion = 10.0.40219.1
Project("{FAE04EC0-301F-11D3-BF4B-00C04F79EFBC}") = "vérnyomás", "vérnyomás\vérnyomás.csproj", "{DB1F01BF-D5E1-4F84-B819-90695132525E}"
EndProject
Global
	GlobalSection(SolutionConfigurationPlatforms) = preSolution
		Debug|Any CPU = Debug|Any CPU
		Release|Any CPU = Release|Any CPU
	EndGlobalSection
	GlobalSection(ProjectConfigurationPlatforms) = postSolution
		{DB1F01BF-D5E1-4F84-B819-90695132525E}.Debug|Any CPU.ActiveCfg = Debug|Any CPU
		{DB1F01BF-D5E1-4F84-B819-90695132525E}.Debug|Any CPU.Build.0 = Debug|Any CPU
		{DB1F01BF-D5E1-4F84-B819-90695132525E}.Release|Any CPU.ActiveCfg = Release|Any CPU
		{DB1F01BF-D5E1-4F84-B819-90695132525E}.Release|Any CPU.Build.0 = Release|Any CPU
	EndGlobalSection
	GlobalSection(SolutionProperties) = preSolution
		HideSolutionNode = FALSE
	EndGlobalSection
	GlobalSection(ExtensibilityGlobals) = postSolution
		SolutionGuid = {B74A5481-8209-4C37-8972-C05482FB8D42}
	EndGlobalSection
EndGlobal
